<?xml version="1.0" encoding="utf-8"?>
<Project ToolsVersion="4.0" xmlns="http://schemas.microsoft.com/developer/msbuild/2003">
  <ItemGroup>
    <Filter Include="Source Files">
      <UniqueIdentifier>{4FC737F1-C7A5-4376-A066-2A32D752A2FF}</UniqueIdentifier>
      <Extensions>cpp;c;cc;cxx;def;odl;idl;hpj;bat;asm;asmx</Extensions>
    </Filter>
    <Filter Include="Header Files">
      <UniqueIdentifier>{93995380-89BD-4b04-88EB-625FBE52EBFB}</UniqueIdentifier>
      <Extensions>h;hpp;hxx;hm;inl;inc;xsd</Extensions>
    </Filter>
    <Filter Include="Resource Files">
      <UniqueIdentifier>{67DA6AB6-F800-4c08-8B7A-83BB121AAD01}</UniqueIdentifier>
      <Extensions>rc;ico;cur;bmp;dlg;rc2;rct;bin;rgs;gif;jpg;jpeg;jpe;resx;tiff;tif;png;wav;mfcribbon-ms</Extensions>
    </Filter>
  </ItemGroup>
  <ItemGroup>
    <None Include="GLSL\bunny.ply">
      <Filter>Resource Files</Filter>
    </None>
    <None Include="..\Debug\color.frag" />
    <None Include="..\Debug\color.vert" />
  </ItemGroup>
  <ItemGroup>
    <ClCompile Include="GLSL\display.cpp">
      <Filter>Source Files</Filter>
    </ClCompile>
    <ClCompile Include="GLSL\FileRead.cpp">
      <Filter>Source Files</Filter>
    </ClCompile>
    <ClCompile Include="GLSL\main.cpp">
      <Filter>Source Files</Filter>
    </ClCompile>
    <ClCompile Include="GLSL\mouse.cpp">
      <Filter>Source Files</Filter>
    </ClCompile>
    <ClCompile Include="GLSL\PLYLoader.cpp">
      <Filter>Source Files</Filter>
    </ClCompile>
    <ClCompile Include="GLSL\Points.cpp">
      <Filter>Source Files</Filter>
    </ClCompile>
    <ClCompile Include="GLSL\Primitives.cpp">
      <Filter>Source Files</Filter>
    </ClCompile>
    <ClCompile Include="GLSL\setupShaders.cpp">
      <Filter>Source Files</Filter>
    </ClCompile>
    <ClCompile Include="GLSL\textfile.cpp">
      <Filter>Source Files</Filter>
    </ClCompile>
    <ClCompile Include="GLSL\Vertices.cpp">
      <Filter>Source Files</Filter>
    </ClCompile>
  </ItemGroup>
  <ItemGroup>
    <ClInclude Include="GLSL\PLYLoader.h">
      <Filter>Header Files</Filter>
    </ClInclude>
    <ClInclude Include="GLSL\Points.h">
      <Filter>Header Files</Filter>
    </ClInclude>
    <ClInclude Include="GLSL\Primitives.h">
      <Filter>Header Files</Filter>
    </ClInclude>
    <ClInclude Include="GLSL\Vertices.h">
      <Filter>Header Files</Filter>
    </ClInclude>
    <ClInclude Include="GLSL\inc\Color.h">
      <Filter>Header Files</Filter>
    </ClInclude>
    <ClInclude Include="GLSL\inc\CS112.h">
      <Filter>Header Files</Filter>
    </ClInclude>
    <ClInclude Include="GLSL\inc\essentials.h">
      <Filter>Header Files</Filter>
    </ClInclude>
    <ClInclude Include="GLSL\inc\geometry.h">
      <Filter>Header Files</Filter>
    </ClInclude>
    <ClInclude Include="GLSL\inc\Mat4x4.h">
      <Filter>Header Files</Filter>
    </ClInclude>
    <ClInclude Include="GLSL\inc\PLY.h">
      <Filter>Header Files</Filter>
    </ClInclude>
    <ClInclude Include="GLSL\inc\textfile.h">
      <Filter>Header Files</Filter>
    </ClInclude>
    <ClInclude Include="GLSL\inc\Vec2.h">
      <Filter>Header Files</Filter>
    </ClInclude>
    <ClInclude Include="GLSL\inc\Vec3.h">
      <Filter>Header Files</Filter>
    </ClInclude>
  </ItemGroup>
</Project>