
Microsoft Visual Studio Solution File, Format Version 12.00
# Visual Studio 2012
Project("{8BC9CEB8-8B4A-11D0-8D11-00A0C91BC942}") = "openglShading", "openglShading\openglShading.vcxproj", "{FB2D681C-F763-4CBC-A110-F7BEDA2DCE87}"
EndProject
Global
	GlobalSection(SolutionConfigurationPlatforms) = preSolution
		Debug|Win32 = Debug|Win32
		Release|Win32 = Release|Win32
	EndGlobalSection
	GlobalSection(ProjectConfigurationPlatforms) = postSolution
		{FB2D681C-F763-4CBC-A110-F7BEDA2DCE87}.Debug|Win32.ActiveCfg = Debug|Win32
		{FB2D681C-F763-4CBC-A110-F7BEDA2DCE87}.Debug|Win32.Build.0 = Debug|Win32
		{FB2D681C-F763-4CBC-A110-F7BEDA2DCE87}.Release|Win32.ActiveCfg = Release|Win32
		{FB2D681C-F763-4CBC-A110-F7BEDA2DCE87}.Release|Win32.Build.0 = Release|Win32
	EndGlobalSection
	GlobalSection(SolutionProperties) = preSolution
		HideSolutionNode = FALSE
	EndGlobalSection
EndGlobal
